// !$*UTF8*$!
{
	archiveVersion = 1;
	classes = {
	};
	objectVersion = 56;
	objects = {

/* Begin PBXBuildFile section */
		320E6C292DC4336700ABD356 /* MealPlan+CoreDataClass.swift in Sources */ = {isa = PBXBuildFile; fileRef = 320E6C212DC4335500ABD356 /* MealPlan+CoreDataClass.swift */; };
		320E6C2A2DC4336700ABD356 /* Portion+CoreDataClass.swift in Sources */ = {isa = PBXBuildFile; fileRef = 320E6C272DC4335500ABD356 /* Portion+CoreDataClass.swift */; };
		320E6C2B2DC4336700ABD356 /* Nutrient+CoreDataClass.swift in Sources */ = {isa = PBXBuildFile; fileRef = 320E6C232DC4335500ABD356 /* Nutrient+CoreDataClass.swift */; };
		320E6C2C2DC4336700ABD356 /* Food+CoreDataClass.swift in Sources */ = {isa = PBXBuildFile; fileRef = 320E6C1B2DC4335500ABD356 /* Food+CoreDataClass.swift */; };
		320E6C2D2DC4336700ABD356 /* NutritientGoal+CoreDataClass.swift in Sources */ = {isa = PBXBuildFile; fileRef = 320E6C252DC4335500ABD356 /* NutritientGoal+CoreDataClass.swift */; };
		320E6C2E2DC4336700ABD356 /* Food+CoreDataProperties.swift in Sources */ = {isa = PBXBuildFile; fileRef = 320E6C1C2DC4335500ABD356 /* Food+CoreDataProperties.swift */; };
		320E6C2F2DC4336700ABD356 /* FoodInfo+CoreDataClass.swift in Sources */ = {isa = PBXBuildFile; fileRef = 320E6C1D2DC4335500ABD356 /* FoodInfo+CoreDataClass.swift */; };
		320E6C302DC4336700ABD356 /* FoodInfo+CoreDataProperties.swift in Sources */ = {isa = PBXBuildFile; fileRef = 320E6C1E2DC4335500ABD356 /* FoodInfo+CoreDataProperties.swift */; };
		320E6C312DC4336700ABD356 /* Meal+CoreDataClass.swift in Sources */ = {isa = PBXBuildFile; fileRef = 320E6C1F2DC4335500ABD356 /* Meal+CoreDataClass.swift */; };
		320E6C322DC4336700ABD356 /* Nutrient+CoreDataProperties.swift in Sources */ = {isa = PBXBuildFile; fileRef = 320E6C242DC4335500ABD356 /* Nutrient+CoreDataProperties.swift */; };
		320E6C332DC4336700ABD356 /* NutritientGoal+CoreDataProperties.swift in Sources */ = {isa = PBXBuildFile; fileRef = 320E6C262DC4335500ABD356 /* NutritientGoal+CoreDataProperties.swift */; };
		320E6C342DC4336700ABD356 /* Meal+CoreDataProperties.swift in Sources */ = {isa = PBXBuildFile; fileRef = 320E6C202DC4335500ABD356 /* Meal+CoreDataProperties.swift */; };
		320E6C352DC4336700ABD356 /* MealPlan+CoreDataProperties.swift in Sources */ = {isa = PBXBuildFile; fileRef = 320E6C222DC4335500ABD356 /* MealPlan+CoreDataProperties.swift */; };
		320E6C362DC4336700ABD356 /* Portion+CoreDataProperties.swift in Sources */ = {isa = PBXBuildFile; fileRef = 320E6C282DC4335500ABD356 /* Portion+CoreDataProperties.swift */; };
		320E6C372DC4336700ABD356 /* Nutrient+CoreDataProperties.swift in Sources */ = {isa = PBXBuildFile; fileRef = 320E6C242DC4335500ABD356 /* Nutrient+CoreDataProperties.swift */; };
		320E6C382DC4336700ABD356 /* Meal+CoreDataClass.swift in Sources */ = {isa = PBXBuildFile; fileRef = 320E6C1F2DC4335500ABD356 /* Meal+CoreDataClass.swift */; };
		320E6C392DC4336700ABD356 /* Portion+CoreDataProperties.swift in Sources */ = {isa = PBXBuildFile; fileRef = 320E6C282DC4335500ABD356 /* Portion+CoreDataProperties.swift */; };
		320E6C3A2DC4336700ABD356 /* MealPlan+CoreDataClass.swift in Sources */ = {isa = PBXBuildFile; fileRef = 320E6C212DC4335500ABD356 /* MealPlan+CoreDataClass.swift */; };
		320E6C3B2DC4336700ABD356 /* NutritientGoal+CoreDataClass.swift in Sources */ = {isa = PBXBuildFile; fileRef = 320E6C252DC4335500ABD356 /* NutritientGoal+CoreDataClass.swift */; };
		320E6C3C2DC4336700ABD356 /* Nutrient+CoreDataClass.swift in Sources */ = {isa = PBXBuildFile; fileRef = 320E6C232DC4335500ABD356 /* Nutrient+CoreDataClass.swift */; };
		320E6C3D2DC4336700ABD356 /* Portion+CoreDataClass.swift in Sources */ = {isa = PBXBuildFile; fileRef = 320E6C272DC4335500ABD356 /* Portion+CoreDataClass.swift */; };
		320E6C3E2DC4336700ABD356 /* Food+CoreDataClass.swift in Sources */ = {isa = PBXBuildFile; fileRef = 320E6C1B2DC4335500ABD356 /* Food+CoreDataClass.swift */; };
		320E6C3F2DC4336700ABD356 /* MealPlan+CoreDataProperties.swift in Sources */ = {isa = PBXBuildFile; fileRef = 320E6C222DC4335500ABD356 /* MealPlan+CoreDataProperties.swift */; };
		320E6C402DC4336700ABD356 /* Meal+CoreDataProperties.swift in Sources */ = {isa = PBXBuildFile; fileRef = 320E6C202DC4335500ABD356 /* Meal+CoreDataProperties.swift */; };
		320E6C412DC4336700ABD356 /* Food+CoreDataProperties.swift in Sources */ = {isa = PBXBuildFile; fileRef = 320E6C1C2DC4335500ABD356 /* Food+CoreDataProperties.swift */; };
		320E6C422DC4336700ABD356 /* NutritientGoal+CoreDataProperties.swift in Sources */ = {isa = PBXBuildFile; fileRef = 320E6C262DC4335500ABD356 /* NutritientGoal+CoreDataProperties.swift */; };
		320E6C432DC4336700ABD356 /* FoodInfo+CoreDataProperties.swift in Sources */ = {isa = PBXBuildFile; fileRef = 320E6C1E2DC4335500ABD356 /* FoodInfo+CoreDataProperties.swift */; };
		320E6C442DC4336700ABD356 /* FoodInfo+CoreDataClass.swift in Sources */ = {isa = PBXBuildFile; fileRef = 320E6C1D2DC4335500ABD356 /* FoodInfo+CoreDataClass.swift */; };
		3216CF792BB4D6C900D9E17A /* AddFoodTableViewCell.swift in Sources */ = {isa = PBXBuildFile; fileRef = 3216CF782BB4D6C900D9E17A /* AddFoodTableViewCell.swift */; };
		32216DBE2BA0FF4E0046A178 /* ProgressView.swift in Sources */ = {isa = PBXBuildFile; fileRef = 32216DBD2BA0FF4E0046A178 /* ProgressView.swift */; };
		324AB9372BA6B27900CECA72 /* CoreDataStack.swift in Sources */ = {isa = PBXBuildFile; fileRef = 324AB9362BA6B27900CECA72 /* CoreDataStack.swift */; };
		32723CF62BA63BE70074732C /* HomeTableViewController.swift in Sources */ = {isa = PBXBuildFile; fileRef = 32723CF52BA63BE70074732C /* HomeTableViewController.swift */; };
		32723CF82BA63CDB0074732C /* MealPlanDateView.swift in Sources */ = {isa = PBXBuildFile; fileRef = 32723CF72BA63CDB0074732C /* MealPlanDateView.swift */; };
		32783F272BB2320400A698E4 /* MealHeaderView.swift in Sources */ = {isa = PBXBuildFile; fileRef = 32783F262BB2320400A698E4 /* MealHeaderView.swift */; };
		32783F292BB2370800A698E4 /* NutrientView.swift in Sources */ = {isa = PBXBuildFile; fileRef = 32783F282BB2370800A698E4 /* NutrientView.swift */; };
		328FA9462B939C6A002A6FB6 /* SearchResponse.swift in Sources */ = {isa = PBXBuildFile; fileRef = 328FA9452B939C6A002A6FB6 /* SearchResponse.swift */; };
		328FA94A2B93B704002A6FB6 /* APIRequest.swift in Sources */ = {isa = PBXBuildFile; fileRef = 328FA9492B93B704002A6FB6 /* APIRequest.swift */; };
		328FA94C2B93B7AA002A6FB6 /* APIService.swift in Sources */ = {isa = PBXBuildFile; fileRef = 328FA94B2B93B7AA002A6FB6 /* APIService.swift */; };
		328FA94E2B93B9D9002A6FB6 /* FoodService.swift in Sources */ = {isa = PBXBuildFile; fileRef = 328FA94D2B93B9D9002A6FB6 /* FoodService.swift */; };
		328FA9512B93C986002A6FB6 /* ResultTableViewCell.swift in Sources */ = {isa = PBXBuildFile; fileRef = 328FA9502B93C986002A6FB6 /* ResultTableViewCell.swift */; };
		328FA9532B954664002A6FB6 /* FoodDetailTableViewController.swift in Sources */ = {isa = PBXBuildFile; fileRef = 328FA9522B954664002A6FB6 /* FoodDetailTableViewController.swift */; };
		328FA9552B954714002A6FB6 /* FDCFood.swift in Sources */ = {isa = PBXBuildFile; fileRef = 328FA9542B954714002A6FB6 /* FDCFood.swift */; };
		328FA9572B969FEF002A6FB6 /* NutritionTableViewCell.swift in Sources */ = {isa = PBXBuildFile; fileRef = 328FA9562B969FEF002A6FB6 /* NutritionTableViewCell.swift */; };
		328FA9592B97BDB9002A6FB6 /* SelectTableViewCell.swift in Sources */ = {isa = PBXBuildFile; fileRef = 328FA9582B97BDB9002A6FB6 /* SelectTableViewCell.swift */; };
		328FA95B2B97C925002A6FB6 /* ServingSizeTableViewController.swift in Sources */ = {isa = PBXBuildFile; fileRef = 328FA95A2B97C924002A6FB6 /* ServingSizeTableViewController.swift */; };
		328FA9612B994271002A6FB6 /* FoodPortion.swift in Sources */ = {isa = PBXBuildFile; fileRef = 328FA9602B994271002A6FB6 /* FoodPortion.swift */; };
		328FA9632B9948A8002A6FB6 /* FoodNutrient.swift in Sources */ = {isa = PBXBuildFile; fileRef = 328FA9622B9948A8002A6FB6 /* FoodNutrient.swift */; };
		328FA9652B9A2154002A6FB6 /* AbridgedSearchResponse.swift in Sources */ = {isa = PBXBuildFile; fileRef = 328FA9642B9A2154002A6FB6 /* AbridgedSearchResponse.swift */; };
		328FA9672B9ABAE3002A6FB6 /* DailyValue.swift in Sources */ = {isa = PBXBuildFile; fileRef = 328FA9662B9ABAE2002A6FB6 /* DailyValue.swift */; };
		328FA9692B9BE560002A6FB6 /* Settings.swift in Sources */ = {isa = PBXBuildFile; fileRef = 328FA9682B9BE560002A6FB6 /* Settings.swift */; };
		328FA96B2B9BEEFD002A6FB6 /* QuantityTableViewCell.swift in Sources */ = {isa = PBXBuildFile; fileRef = 328FA96A2B9BEEFD002A6FB6 /* QuantityTableViewCell.swift */; };
		3296C9B62BB0F21A00EC7770 /* EditGoalTableViewController.swift in Sources */ = {isa = PBXBuildFile; fileRef = 3296C9B52BB0F21A00EC7770 /* EditGoalTableViewController.swift */; };
		3296C9B82BB1219700EC7770 /* GoalTableViewCell.swift in Sources */ = {isa = PBXBuildFile; fileRef = 3296C9B72BB1219700EC7770 /* GoalTableViewCell.swift */; };
		32A8CBE52B9E888800AAA264 /* CircularProgressView.swift in Sources */ = {isa = PBXBuildFile; fileRef = 32A8CBE42B9E888800AAA264 /* CircularProgressView.swift */; };
		32A8CBE72B9E8C9F00AAA264 /* MacrosView.swift in Sources */ = {isa = PBXBuildFile; fileRef = 32A8CBE62B9E8C9F00AAA264 /* MacrosView.swift */; };
		32B0933D2B9C02F50047E6E2 /* QuantityViewController.swift in Sources */ = {isa = PBXBuildFile; fileRef = 32B0933C2B9C02F50047E6E2 /* QuantityViewController.swift */; };
		32B257602BBDD739003C7C7C /* QuickAddTableViewController.swift in Sources */ = {isa = PBXBuildFile; fileRef = 32B2575F2BBDD739003C7C7C /* QuickAddTableViewController.swift */; };
		32B257622BBDDDD5003C7C7C /* QuickAddTableViewCell.swift in Sources */ = {isa = PBXBuildFile; fileRef = 32B257612BBDDDD5003C7C7C /* QuickAddTableViewCell.swift */; };
		32B351F42BA7512600FF2752 /* AddFoodButton.swift in Sources */ = {isa = PBXBuildFile; fileRef = 32B351F32BA7512600FF2752 /* AddFoodButton.swift */; };
		32B351F62BA7556A00FF2752 /* AddMealButton.swift in Sources */ = {isa = PBXBuildFile; fileRef = 32B351F52BA7556A00FF2752 /* AddMealButton.swift */; };
		32B351F82BA758F200FF2752 /* FoodEntryTableViewCell.swift in Sources */ = {isa = PBXBuildFile; fileRef = 32B351F72BA758F200FF2752 /* FoodEntryTableViewCell.swift */; };
		32C9F3372BAC91D100703540 /* ReorderMealTableViewController.swift in Sources */ = {isa = PBXBuildFile; fileRef = 32C9F3362BAC91D100703540 /* ReorderMealTableViewController.swift */; };
		32C9F33D2BACDBEA00703540 /* HistoryTableViewCell.swift in Sources */ = {isa = PBXBuildFile; fileRef = 32C9F33C2BACDBEA00703540 /* HistoryTableViewCell.swift */; };
		32CB60B62BABCE78002DA0C2 /* CalendarViewController.swift in Sources */ = {isa = PBXBuildFile; fileRef = 32CB60B52BABCE78002DA0C2 /* CalendarViewController.swift */; };
		32CF12CA2BB9E97400BE6B82 /* GoalTableViewController.swift in Sources */ = {isa = PBXBuildFile; fileRef = 32CF12C92BB9E97400BE6B82 /* GoalTableViewController.swift */; };
		32DFCADF2BC1CA29001BDA8E /* WidgetKit.framework in Frameworks */ = {isa = PBXBuildFile; fileRef = 32DFCADE2BC1CA29001BDA8E /* WidgetKit.framework */; };
		32DFCAE12BC1CA29001BDA8E /* SwiftUI.framework in Frameworks */ = {isa = PBXBuildFile; fileRef = 32DFCAE02BC1CA29001BDA8E /* SwiftUI.framework */; };
		32DFCAE42BC1CA29001BDA8E /* FoodWidgetBundle.swift in Sources */ = {isa = PBXBuildFile; fileRef = 32DFCAE32BC1CA29001BDA8E /* FoodWidgetBundle.swift */; };
		32DFCAE62BC1CA29001BDA8E /* MacroWidget.swift in Sources */ = {isa = PBXBuildFile; fileRef = 32DFCAE52BC1CA29001BDA8E /* MacroWidget.swift */; };
		32DFCAE82BC1CA2C001BDA8E /* Assets.xcassets in Resources */ = {isa = PBXBuildFile; fileRef = 32DFCAE72BC1CA2C001BDA8E /* Assets.xcassets */; };
		32DFCAEC2BC1CA2C001BDA8E /* FoodWidgetExtension.appex in Embed Foundation Extensions */ = {isa = PBXBuildFile; fileRef = 32DFCADC2BC1CA29001BDA8E /* FoodWidgetExtension.appex */; settings = {ATTRIBUTES = (RemoveHeadersOnCopy, ); }; };
		32DFCAF22BC1CC97001BDA8E /* MacroWidget.swift in Sources */ = {isa = PBXBuildFile; fileRef = 32DFCAE52BC1CA29001BDA8E /* MacroWidget.swift */; };
		32DFCAF42BC1D42E001BDA8E /* CoreDataStack.swift in Sources */ = {isa = PBXBuildFile; fileRef = 324AB9362BA6B27900CECA72 /* CoreDataStack.swift */; };
		32DFCAFF2BC1D459001BDA8E /* DailyValue.swift in Sources */ = {isa = PBXBuildFile; fileRef = 328FA9662B9ABAE2002A6FB6 /* DailyValue.swift */; };
		32DFCB002BC1D459001BDA8E /* FoodNutrient.swift in Sources */ = {isa = PBXBuildFile; fileRef = 328FA9622B9948A8002A6FB6 /* FoodNutrient.swift */; };
		32DFCB012BC1D459001BDA8E /* SearchResponse.swift in Sources */ = {isa = PBXBuildFile; fileRef = 328FA9452B939C6A002A6FB6 /* SearchResponse.swift */; };
		32DFCB022BC1D459001BDA8E /* FDCFood.swift in Sources */ = {isa = PBXBuildFile; fileRef = 328FA9542B954714002A6FB6 /* FDCFood.swift */; };
		32DFCB032BC1D459001BDA8E /* FoodPortion.swift in Sources */ = {isa = PBXBuildFile; fileRef = 328FA9602B994271002A6FB6 /* FoodPortion.swift */; };
		32DFCB042BC1D459001BDA8E /* AbridgedSearchResponse.swift in Sources */ = {isa = PBXBuildFile; fileRef = 328FA9642B9A2154002A6FB6 /* AbridgedSearchResponse.swift */; };
		32DFCB052BC1D47A001BDA8E /* MacrosView.swift in Sources */ = {isa = PBXBuildFile; fileRef = 32A8CBE62B9E8C9F00AAA264 /* MacrosView.swift */; };
		32DFCB062BC1D491001BDA8E /* CircularProgressView.swift in Sources */ = {isa = PBXBuildFile; fileRef = 32A8CBE42B9E888800AAA264 /* CircularProgressView.swift */; };
		32DFCB072BC1D894001BDA8E /* FoodApp.xcdatamodeld in Sources */ = {isa = PBXBuildFile; fileRef = 32F51A502B92C1A70080CC09 /* FoodApp.xcdatamodeld */; };
		32DFCB0B2BC1F108001BDA8E /* WidgetView.swift in Sources */ = {isa = PBXBuildFile; fileRef = 32DFCB0A2BC1F108001BDA8E /* WidgetView.swift */; };
		32DFCB0C2BC1F1B6001BDA8E /* WidgetView.swift in Sources */ = {isa = PBXBuildFile; fileRef = 32DFCB0A2BC1F108001BDA8E /* WidgetView.swift */; };
		32DFCB102BC1F971001BDA8E /* SingleMacroWidget.swift in Sources */ = {isa = PBXBuildFile; fileRef = 32DFCB0F2BC1F971001BDA8E /* SingleMacroWidget.swift */; };
		32DFCB112BC1FEEA001BDA8E /* SingleMacroWidget.swift in Sources */ = {isa = PBXBuildFile; fileRef = 32DFCB0F2BC1F971001BDA8E /* SingleMacroWidget.swift */; };
		32EB4FB02BACEBD9004898C8 /* SearchTitleView.swift in Sources */ = {isa = PBXBuildFile; fileRef = 32EB4FAF2BACEBD9004898C8 /* SearchTitleView.swift */; };
		32F51A482B92C1A70080CC09 /* AppDelegate.swift in Sources */ = {isa = PBXBuildFile; fileRef = 32F51A472B92C1A70080CC09 /* AppDelegate.swift */; };
		32F51A4A2B92C1A70080CC09 /* SceneDelegate.swift in Sources */ = {isa = PBXBuildFile; fileRef = 32F51A492B92C1A70080CC09 /* SceneDelegate.swift */; };
		32F51A522B92C1A70080CC09 /* FoodApp.xcdatamodeld in Sources */ = {isa = PBXBuildFile; fileRef = 32F51A502B92C1A70080CC09 /* FoodApp.xcdatamodeld */; };
		32F51A542B92C1AA0080CC09 /* Assets.xcassets in Resources */ = {isa = PBXBuildFile; fileRef = 32F51A532B92C1AA0080CC09 /* Assets.xcassets */; };
		32F51A572B92C1AA0080CC09 /* LaunchScreen.storyboard in Resources */ = {isa = PBXBuildFile; fileRef = 32F51A552B92C1AA0080CC09 /* LaunchScreen.storyboard */; };
		32F51A622B92C1AA0080CC09 /* FoodAppTests.swift in Sources */ = {isa = PBXBuildFile; fileRef = 32F51A612B92C1AA0080CC09 /* FoodAppTests.swift */; };
		32F51A6C2B92C1AA0080CC09 /* FoodAppUITests.swift in Sources */ = {isa = PBXBuildFile; fileRef = 32F51A6B2B92C1AA0080CC09 /* FoodAppUITests.swift */; };
		32F51A6E2B92C1AA0080CC09 /* FoodAppUITestsLaunchTests.swift in Sources */ = {isa = PBXBuildFile; fileRef = 32F51A6D2B92C1AA0080CC09 /* FoodAppUITestsLaunchTests.swift */; };
		32F51A7B2B92C3150080CC09 /* SearchFoodTableViewController.swift in Sources */ = {isa = PBXBuildFile; fileRef = 32F51A7A2B92C3150080CC09 /* SearchFoodTableViewController.swift */; };
		32F51A7D2B92D5280080CC09 /* ResultTableViewController.swift in Sources */ = {isa = PBXBuildFile; fileRef = 32F51A7C2B92D5280080CC09 /* ResultTableViewController.swift */; };
/* End PBXBuildFile section */

/* Begin PBXContainerItemProxy section */
		32DFCAEA2BC1CA2C001BDA8E /* PBXContainerItemProxy */ = {
			isa = PBXContainerItemProxy;
			containerPortal = 32F51A3C2B92C1A70080CC09 /* Project object */;
			proxyType = 1;
			remoteGlobalIDString = 32DFCADB2BC1CA29001BDA8E;
			remoteInfo = FoodWidgetExtension;
		};
		32F51A5E2B92C1AA0080CC09 /* PBXContainerItemProxy */ = {
			isa = PBXContainerItemProxy;
			containerPortal = 32F51A3C2B92C1A70080CC09 /* Project object */;
			proxyType = 1;
			remoteGlobalIDString = 32F51A432B92C1A70080CC09;
			remoteInfo = FoodApp;
		};
		32F51A682B92C1AA0080CC09 /* PBXContainerItemProxy */ = {
			isa = PBXContainerItemProxy;
			containerPortal = 32F51A3C2B92C1A70080CC09 /* Project object */;
			proxyType = 1;
			remoteGlobalIDString = 32F51A432B92C1A70080CC09;
			remoteInfo = FoodApp;
		};
/* End PBXContainerItemProxy section */

/* Begin PBXCopyFilesBuildPhase section */
		32DFCAF02BC1CA2C001BDA8E /* Embed Foundation Extensions */ = {
			isa = PBXCopyFilesBuildPhase;
			buildActionMask = 12;
			dstPath = "";
			dstSubfolderSpec = 13;
			files = (
				32DFCAEC2BC1CA2C001BDA8E /* FoodWidgetExtension.appex in Embed Foundation Extensions */,
			);
			name = "Embed Foundation Extensions";
			runOnlyForDeploymentPostprocessing = 0;
		};
/* End PBXCopyFilesBuildPhase section */

/* Begin PBXFileReference section */
		320E6C1B2DC4335500ABD356 /* Food+CoreDataClass.swift */ = {isa = PBXFileReference; lastKnownFileType = sourcecode.swift; path = "Food+CoreDataClass.swift"; sourceTree = "<group>"; };
		320E6C1C2DC4335500ABD356 /* Food+CoreDataProperties.swift */ = {isa = PBXFileReference; lastKnownFileType = sourcecode.swift; path = "Food+CoreDataProperties.swift"; sourceTree = "<group>"; };
		320E6C1D2DC4335500ABD356 /* FoodInfo+CoreDataClass.swift */ = {isa = PBXFileReference; lastKnownFileType = sourcecode.swift; path = "FoodInfo+CoreDataClass.swift"; sourceTree = "<group>"; };
		320E6C1E2DC4335500ABD356 /* FoodInfo+CoreDataProperties.swift */ = {isa = PBXFileReference; lastKnownFileType = sourcecode.swift; path = "FoodInfo+CoreDataProperties.swift"; sourceTree = "<group>"; };
		320E6C1F2DC4335500ABD356 /* Meal+CoreDataClass.swift */ = {isa = PBXFileReference; lastKnownFileType = sourcecode.swift; path = "Meal+CoreDataClass.swift"; sourceTree = "<group>"; };
		320E6C202DC4335500ABD356 /* Meal+CoreDataProperties.swift */ = {isa = PBXFileReference; lastKnownFileType = sourcecode.swift; path = "Meal+CoreDataProperties.swift"; sourceTree = "<group>"; };
		320E6C212DC4335500ABD356 /* MealPlan+CoreDataClass.swift */ = {isa = PBXFileReference; lastKnownFileType = sourcecode.swift; path = "MealPlan+CoreDataClass.swift"; sourceTree = "<group>"; };
		320E6C222DC4335500ABD356 /* MealPlan+CoreDataProperties.swift */ = {isa = PBXFileReference; lastKnownFileType = sourcecode.swift; path = "MealPlan+CoreDataProperties.swift"; sourceTree = "<group>"; };
		320E6C232DC4335500ABD356 /* Nutrient+CoreDataClass.swift */ = {isa = PBXFileReference; lastKnownFileType = sourcecode.swift; path = "Nutrient+CoreDataClass.swift"; sourceTree = "<group>"; };
		320E6C242DC4335500ABD356 /* Nutrient+CoreDataProperties.swift */ = {isa = PBXFileReference; lastKnownFileType = sourcecode.swift; path = "Nutrient+CoreDataProperties.swift"; sourceTree = "<group>"; };
		320E6C252DC4335500ABD356 /* NutritientGoal+CoreDataClass.swift */ = {isa = PBXFileReference; lastKnownFileType = sourcecode.swift; path = "NutritientGoal+CoreDataClass.swift"; sourceTree = "<group>"; };
		320E6C262DC4335500ABD356 /* NutritientGoal+CoreDataProperties.swift */ = {isa = PBXFileReference; lastKnownFileType = sourcecode.swift; path = "NutritientGoal+CoreDataProperties.swift"; sourceTree = "<group>"; };
		320E6C272DC4335500ABD356 /* Portion+CoreDataClass.swift */ = {isa = PBXFileReference; lastKnownFileType = sourcecode.swift; path = "Portion+CoreDataClass.swift"; sourceTree = "<group>"; };
		320E6C282DC4335500ABD356 /* Portion+CoreDataProperties.swift */ = {isa = PBXFileReference; lastKnownFileType = sourcecode.swift; path = "Portion+CoreDataProperties.swift"; sourceTree = "<group>"; };
		3216CF782BB4D6C900D9E17A /* AddFoodTableViewCell.swift */ = {isa = PBXFileReference; lastKnownFileType = sourcecode.swift; path = AddFoodTableViewCell.swift; sourceTree = "<group>"; };
		32216DBD2BA0FF4E0046A178 /* ProgressView.swift */ = {isa = PBXFileReference; lastKnownFileType = sourcecode.swift; path = ProgressView.swift; sourceTree = "<group>"; };
		324AB9362BA6B27900CECA72 /* CoreDataStack.swift */ = {isa = PBXFileReference; lastKnownFileType = sourcecode.swift; path = CoreDataStack.swift; sourceTree = "<group>"; };
		32723CF52BA63BE70074732C /* HomeTableViewController.swift */ = {isa = PBXFileReference; lastKnownFileType = sourcecode.swift; path = HomeTableViewController.swift; sourceTree = "<group>"; };
		32723CF72BA63CDB0074732C /* MealPlanDateView.swift */ = {isa = PBXFileReference; lastKnownFileType = sourcecode.swift; path = MealPlanDateView.swift; sourceTree = "<group>"; };
		32783F262BB2320400A698E4 /* MealHeaderView.swift */ = {isa = PBXFileReference; lastKnownFileType = sourcecode.swift; path = MealHeaderView.swift; sourceTree = "<group>"; };
		32783F282BB2370800A698E4 /* NutrientView.swift */ = {isa = PBXFileReference; lastKnownFileType = sourcecode.swift; path = NutrientView.swift; sourceTree = "<group>"; };
		328FA9452B939C6A002A6FB6 /* SearchResponse.swift */ = {isa = PBXFileReference; lastKnownFileType = sourcecode.swift; path = SearchResponse.swift; sourceTree = "<group>"; };
		328FA9492B93B704002A6FB6 /* APIRequest.swift */ = {isa = PBXFileReference; lastKnownFileType = sourcecode.swift; path = APIRequest.swift; sourceTree = "<group>"; };
		328FA94B2B93B7AA002A6FB6 /* APIService.swift */ = {isa = PBXFileReference; lastKnownFileType = sourcecode.swift; path = APIService.swift; sourceTree = "<group>"; };
		328FA94D2B93B9D9002A6FB6 /* FoodService.swift */ = {isa = PBXFileReference; lastKnownFileType = sourcecode.swift; path = FoodService.swift; sourceTree = "<group>"; };
		328FA9502B93C986002A6FB6 /* ResultTableViewCell.swift */ = {isa = PBXFileReference; lastKnownFileType = sourcecode.swift; path = ResultTableViewCell.swift; sourceTree = "<group>"; };
		328FA9522B954664002A6FB6 /* FoodDetailTableViewController.swift */ = {isa = PBXFileReference; lastKnownFileType = sourcecode.swift; path = FoodDetailTableViewController.swift; sourceTree = "<group>"; };
		328FA9542B954714002A6FB6 /* FDCFood.swift */ = {isa = PBXFileReference; lastKnownFileType = sourcecode.swift; path = FDCFood.swift; sourceTree = "<group>"; };
		328FA9562B969FEF002A6FB6 /* NutritionTableViewCell.swift */ = {isa = PBXFileReference; lastKnownFileType = sourcecode.swift; path = NutritionTableViewCell.swift; sourceTree = "<group>"; };
		328FA9582B97BDB9002A6FB6 /* SelectTableViewCell.swift */ = {isa = PBXFileReference; lastKnownFileType = sourcecode.swift; path = SelectTableViewCell.swift; sourceTree = "<group>"; };
		328FA95A2B97C924002A6FB6 /* ServingSizeTableViewController.swift */ = {isa = PBXFileReference; lastKnownFileType = sourcecode.swift; path = ServingSizeTableViewController.swift; sourceTree = "<group>"; };
		328FA9602B994271002A6FB6 /* FoodPortion.swift */ = {isa = PBXFileReference; lastKnownFileType = sourcecode.swift; path = FoodPortion.swift; sourceTree = "<group>"; };
		328FA9622B9948A8002A6FB6 /* FoodNutrient.swift */ = {isa = PBXFileReference; lastKnownFileType = sourcecode.swift; path = FoodNutrient.swift; sourceTree = "<group>"; };
		328FA9642B9A2154002A6FB6 /* AbridgedSearchResponse.swift */ = {isa = PBXFileReference; lastKnownFileType = sourcecode.swift; path = AbridgedSearchResponse.swift; sourceTree = "<group>"; };
		328FA9662B9ABAE2002A6FB6 /* DailyValue.swift */ = {isa = PBXFileReference; lastKnownFileType = sourcecode.swift; path = DailyValue.swift; sourceTree = "<group>"; };
		328FA9682B9BE560002A6FB6 /* Settings.swift */ = {isa = PBXFileReference; lastKnownFileType = sourcecode.swift; path = Settings.swift; sourceTree = "<group>"; };
		328FA96A2B9BEEFD002A6FB6 /* QuantityTableViewCell.swift */ = {isa = PBXFileReference; lastKnownFileType = sourcecode.swift; path = QuantityTableViewCell.swift; sourceTree = "<group>"; };
		3296C9B52BB0F21A00EC7770 /* EditGoalTableViewController.swift */ = {isa = PBXFileReference; lastKnownFileType = sourcecode.swift; path = EditGoalTableViewController.swift; sourceTree = "<group>"; };
		3296C9B72BB1219700EC7770 /* GoalTableViewCell.swift */ = {isa = PBXFileReference; lastKnownFileType = sourcecode.swift; path = GoalTableViewCell.swift; sourceTree = "<group>"; };
		32A8CBE42B9E888800AAA264 /* CircularProgressView.swift */ = {isa = PBXFileReference; lastKnownFileType = sourcecode.swift; path = CircularProgressView.swift; sourceTree = "<group>"; };
		32A8CBE62B9E8C9F00AAA264 /* MacrosView.swift */ = {isa = PBXFileReference; lastKnownFileType = sourcecode.swift; path = MacrosView.swift; sourceTree = "<group>"; };
		32B0933C2B9C02F50047E6E2 /* QuantityViewController.swift */ = {isa = PBXFileReference; lastKnownFileType = sourcecode.swift; path = QuantityViewController.swift; sourceTree = "<group>"; };
		32B2575F2BBDD739003C7C7C /* QuickAddTableViewController.swift */ = {isa = PBXFileReference; lastKnownFileType = sourcecode.swift; path = QuickAddTableViewController.swift; sourceTree = "<group>"; };
		32B257612BBDDDD5003C7C7C /* QuickAddTableViewCell.swift */ = {isa = PBXFileReference; lastKnownFileType = sourcecode.swift; path = QuickAddTableViewCell.swift; sourceTree = "<group>"; };
		32B351F32BA7512600FF2752 /* AddFoodButton.swift */ = {isa = PBXFileReference; lastKnownFileType = sourcecode.swift; path = AddFoodButton.swift; sourceTree = "<group>"; };
		32B351F52BA7556A00FF2752 /* AddMealButton.swift */ = {isa = PBXFileReference; lastKnownFileType = sourcecode.swift; path = AddMealButton.swift; sourceTree = "<group>"; };
		32B351F72BA758F200FF2752 /* FoodEntryTableViewCell.swift */ = {isa = PBXFileReference; lastKnownFileType = sourcecode.swift; path = FoodEntryTableViewCell.swift; sourceTree = "<group>"; };
		32C9F3362BAC91D100703540 /* ReorderMealTableViewController.swift */ = {isa = PBXFileReference; lastKnownFileType = sourcecode.swift; path = ReorderMealTableViewController.swift; sourceTree = "<group>"; };
		32C9F33C2BACDBEA00703540 /* HistoryTableViewCell.swift */ = {isa = PBXFileReference; lastKnownFileType = sourcecode.swift; path = HistoryTableViewCell.swift; sourceTree = "<group>"; };
		32CB60B52BABCE78002DA0C2 /* CalendarViewController.swift */ = {isa = PBXFileReference; lastKnownFileType = sourcecode.swift; path = CalendarViewController.swift; sourceTree = "<group>"; };
		32CF12C92BB9E97400BE6B82 /* GoalTableViewController.swift */ = {isa = PBXFileReference; lastKnownFileType = sourcecode.swift; path = GoalTableViewController.swift; sourceTree = "<group>"; };
		32DFCADC2BC1CA29001BDA8E /* FoodWidgetExtension.appex */ = {isa = PBXFileReference; explicitFileType = "wrapper.app-extension"; includeInIndex = 0; path = FoodWidgetExtension.appex; sourceTree = BUILT_PRODUCTS_DIR; };
		32DFCADE2BC1CA29001BDA8E /* WidgetKit.framework */ = {isa = PBXFileReference; lastKnownFileType = wrapper.framework; name = WidgetKit.framework; path = System/Library/Frameworks/WidgetKit.framework; sourceTree = SDKROOT; };
		32DFCAE02BC1CA29001BDA8E /* SwiftUI.framework */ = {isa = PBXFileReference; lastKnownFileType = wrapper.framework; name = SwiftUI.framework; path = System/Library/Frameworks/SwiftUI.framework; sourceTree = SDKROOT; };
		32DFCAE32BC1CA29001BDA8E /* FoodWidgetBundle.swift */ = {isa = PBXFileReference; lastKnownFileType = sourcecode.swift; path = FoodWidgetBundle.swift; sourceTree = "<group>"; };
		32DFCAE52BC1CA29001BDA8E /* MacroWidget.swift */ = {isa = PBXFileReference; lastKnownFileType = sourcecode.swift; path = MacroWidget.swift; sourceTree = "<group>"; };
		32DFCAE72BC1CA2C001BDA8E /* Assets.xcassets */ = {isa = PBXFileReference; lastKnownFileType = folder.assetcatalog; path = Assets.xcassets; sourceTree = "<group>"; };
		32DFCAE92BC1CA2C001BDA8E /* Info.plist */ = {isa = PBXFileReference; lastKnownFileType = text.plist.xml; path = Info.plist; sourceTree = "<group>"; };
		32DFCB082BC1E2F6001BDA8E /* FoodApp.entitlements */ = {isa = PBXFileReference; lastKnownFileType = text.plist.entitlements; path = FoodApp.entitlements; sourceTree = "<group>"; };
		32DFCB092BC1E3D1001BDA8E /* FoodWidgetExtension.entitlements */ = {isa = PBXFileReference; lastKnownFileType = text.plist.entitlements; path = FoodWidgetExtension.entitlements; sourceTree = "<group>"; };
		32DFCB0A2BC1F108001BDA8E /* WidgetView.swift */ = {isa = PBXFileReference; lastKnownFileType = sourcecode.swift; path = WidgetView.swift; sourceTree = "<group>"; };
		32DFCB0F2BC1F971001BDA8E /* SingleMacroWidget.swift */ = {isa = PBXFileReference; lastKnownFileType = sourcecode.swift; path = SingleMacroWidget.swift; sourceTree = "<group>"; };
		32EB4FAF2BACEBD9004898C8 /* SearchTitleView.swift */ = {isa = PBXFileReference; lastKnownFileType = sourcecode.swift; path = SearchTitleView.swift; sourceTree = "<group>"; };
		32F51A442B92C1A70080CC09 /* BananaBite.app */ = {isa = PBXFileReference; explicitFileType = wrapper.application; includeInIndex = 0; path = BananaBite.app; sourceTree = BUILT_PRODUCTS_DIR; };
		32F51A472B92C1A70080CC09 /* AppDelegate.swift */ = {isa = PBXFileReference; lastKnownFileType = sourcecode.swift; path = AppDelegate.swift; sourceTree = "<group>"; };
		32F51A492B92C1A70080CC09 /* SceneDelegate.swift */ = {isa = PBXFileReference; lastKnownFileType = sourcecode.swift; path = SceneDelegate.swift; sourceTree = "<group>"; };
		32F51A512B92C1A70080CC09 /* FoodApp.xcdatamodel */ = {isa = PBXFileReference; lastKnownFileType = wrapper.xcdatamodel; path = FoodApp.xcdatamodel; sourceTree = "<group>"; };
		32F51A532B92C1AA0080CC09 /* Assets.xcassets */ = {isa = PBXFileReference; lastKnownFileType = folder.assetcatalog; path = Assets.xcassets; sourceTree = "<group>"; };
		32F51A562B92C1AA0080CC09 /* Base */ = {isa = PBXFileReference; lastKnownFileType = file.storyboard; name = Base; path = Base.lproj/LaunchScreen.storyboard; sourceTree = "<group>"; };
		32F51A582B92C1AA0080CC09 /* Info.plist */ = {isa = PBXFileReference; lastKnownFileType = text.plist.xml; path = Info.plist; sourceTree = "<group>"; };
		32F51A5D2B92C1AA0080CC09 /* FoodAppTests.xctest */ = {isa = PBXFileReference; explicitFileType = wrapper.cfbundle; includeInIndex = 0; path = FoodAppTests.xctest; sourceTree = BUILT_PRODUCTS_DIR; };
		32F51A612B92C1AA0080CC09 /* FoodAppTests.swift */ = {isa = PBXFileReference; lastKnownFileType = sourcecode.swift; path = FoodAppTests.swift; sourceTree = "<group>"; };
		32F51A672B92C1AA0080CC09 /* FoodAppUITests.xctest */ = {isa = PBXFileReference; explicitFileType = wrapper.cfbundle; includeInIndex = 0; path = FoodAppUITests.xctest; sourceTree = BUILT_PRODUCTS_DIR; };
		32F51A6B2B92C1AA0080CC09 /* FoodAppUITests.swift */ = {isa = PBXFileReference; lastKnownFileType = sourcecode.swift; path = FoodAppUITests.swift; sourceTree = "<group>"; };
		32F51A6D2B92C1AA0080CC09 /* FoodAppUITestsLaunchTests.swift */ = {isa = PBXFileReference; lastKnownFileType = sourcecode.swift; path = FoodAppUITestsLaunchTests.swift; sourceTree = "<group>"; };
		32F51A7A2B92C3150080CC09 /* SearchFoodTableViewController.swift */ = {isa = PBXFileReference; lastKnownFileType = sourcecode.swift; path = SearchFoodTableViewController.swift; sourceTree = "<group>"; };
		32F51A7C2B92D5280080CC09 /* ResultTableViewController.swift */ = {isa = PBXFileReference; lastKnownFileType = sourcecode.swift; path = ResultTableViewController.swift; sourceTree = "<group>"; };
/* End PBXFileReference section */

/* Begin PBXFrameworksBuildPhase section */
		32DFCAD92BC1CA29001BDA8E /* Frameworks */ = {
			isa = PBXFrameworksBuildPhase;
			buildActionMask = 2147483647;
			files = (
				32DFCAE12BC1CA29001BDA8E /* SwiftUI.framework in Frameworks */,
				32DFCADF2BC1CA29001BDA8E /* WidgetKit.framework in Frameworks */,
			);
			runOnlyForDeploymentPostprocessing = 0;
		};
		32F51A412B92C1A70080CC09 /* Frameworks */ = {
			isa = PBXFrameworksBuildPhase;
			buildActionMask = 2147483647;
			files = (
			);
			runOnlyForDeploymentPostprocessing = 0;
		};
		32F51A5A2B92C1AA0080CC09 /* Frameworks */ = {
			isa = PBXFrameworksBuildPhase;
			buildActionMask = 2147483647;
			files = (
			);
			runOnlyForDeploymentPostprocessing = 0;
		};
		32F51A642B92C1AA0080CC09 /* Frameworks */ = {
			isa = PBXFrameworksBuildPhase;
			buildActionMask = 2147483647;
			files = (
			);
			runOnlyForDeploymentPostprocessing = 0;
		};
/* End PBXFrameworksBuildPhase section */

/* Begin PBXGroup section */
		328FA9422B939B36002A6FB6 /* ViewControllers */ = {
			isa = PBXGroup;
			children = (
				32F51A7A2B92C3150080CC09 /* SearchFoodTableViewController.swift */,
				32F51A7C2B92D5280080CC09 /* ResultTableViewController.swift */,
				328FA9522B954664002A6FB6 /* FoodDetailTableViewController.swift */,
				328FA95A2B97C924002A6FB6 /* ServingSizeTableViewController.swift */,
				32B0933C2B9C02F50047E6E2 /* QuantityViewController.swift */,
				32723CF52BA63BE70074732C /* HomeTableViewController.swift */,
				32CB60B52BABCE78002DA0C2 /* CalendarViewController.swift */,
				32C9F3362BAC91D100703540 /* ReorderMealTableViewController.swift */,
				3296C9B52BB0F21A00EC7770 /* EditGoalTableViewController.swift */,
				32CF12C92BB9E97400BE6B82 /* GoalTableViewController.swift */,
				32B2575F2BBDD739003C7C7C /* QuickAddTableViewController.swift */,
			);
			path = ViewControllers;
			sourceTree = "<group>";
		};
		328FA9432B939B4A002A6FB6 /* Models */ = {
			isa = PBXGroup;
			children = (
				32DFCAD72BC1C136001BDA8E /* FDC */,
				32DFCAD62BC1C127001BDA8E /* CoreData */,
			);
			path = Models;
			sourceTree = "<group>";
		};
		328FA94F2B93C957002A6FB6 /* Views */ = {
			isa = PBXGroup;
			children = (
				32B351F32BA7512600FF2752 /* AddFoodButton.swift */,
				3216CF782BB4D6C900D9E17A /* AddFoodTableViewCell.swift */,
				32B351F52BA7556A00FF2752 /* AddMealButton.swift */,
				32A8CBE42B9E888800AAA264 /* CircularProgressView.swift */,
				32B351F72BA758F200FF2752 /* FoodEntryTableViewCell.swift */,
				3296C9B72BB1219700EC7770 /* GoalTableViewCell.swift */,
				32C9F33C2BACDBEA00703540 /* HistoryTableViewCell.swift */,
				32A8CBE62B9E8C9F00AAA264 /* MacrosView.swift */,
				32783F262BB2320400A698E4 /* MealHeaderView.swift */,
				32723CF72BA63CDB0074732C /* MealPlanDateView.swift */,
				32783F282BB2370800A698E4 /* NutrientView.swift */,
				328FA9562B969FEF002A6FB6 /* NutritionTableViewCell.swift */,
				32216DBD2BA0FF4E0046A178 /* ProgressView.swift */,
				328FA96A2B9BEEFD002A6FB6 /* QuantityTableViewCell.swift */,
				328FA9502B93C986002A6FB6 /* ResultTableViewCell.swift */,
				32EB4FAF2BACEBD9004898C8 /* SearchTitleView.swift */,
				328FA9582B97BDB9002A6FB6 /* SelectTableViewCell.swift */,
				32B257612BBDDDD5003C7C7C /* QuickAddTableViewCell.swift */,
			);
			path = Views;
			sourceTree = "<group>";
		};
		32DFCAD62BC1C127001BDA8E /* CoreData */ = {
			isa = PBXGroup;
			children = (
				320E6C1B2DC4335500ABD356 /* Food+CoreDataClass.swift */,
				320E6C1C2DC4335500ABD356 /* Food+CoreDataProperties.swift */,
				320E6C1D2DC4335500ABD356 /* FoodInfo+CoreDataClass.swift */,
				320E6C1E2DC4335500ABD356 /* FoodInfo+CoreDataProperties.swift */,
				320E6C1F2DC4335500ABD356 /* Meal+CoreDataClass.swift */,
				320E6C202DC4335500ABD356 /* Meal+CoreDataProperties.swift */,
				320E6C212DC4335500ABD356 /* MealPlan+CoreDataClass.swift */,
				320E6C222DC4335500ABD356 /* MealPlan+CoreDataProperties.swift */,
				320E6C232DC4335500ABD356 /* Nutrient+CoreDataClass.swift */,
				320E6C242DC4335500ABD356 /* Nutrient+CoreDataProperties.swift */,
				320E6C252DC4335500ABD356 /* NutritientGoal+CoreDataClass.swift */,
				320E6C262DC4335500ABD356 /* NutritientGoal+CoreDataProperties.swift */,
				320E6C272DC4335500ABD356 /* Portion+CoreDataClass.swift */,
				320E6C282DC4335500ABD356 /* Portion+CoreDataProperties.swift */,
			);
			path = CoreData;
			sourceTree = "<group>";
		};
		32DFCAD72BC1C136001BDA8E /* FDC */ = {
			isa = PBXGroup;
			children = (
				328FA9452B939C6A002A6FB6 /* SearchResponse.swift */,
				328FA9542B954714002A6FB6 /* FDCFood.swift */,
				328FA9602B994271002A6FB6 /* FoodPortion.swift */,
				328FA9622B9948A8002A6FB6 /* FoodNutrient.swift */,
				328FA9642B9A2154002A6FB6 /* AbridgedSearchResponse.swift */,
				328FA9662B9ABAE2002A6FB6 /* DailyValue.swift */,
			);
			path = FDC;
			sourceTree = "<group>";
		};
		32DFCADD2BC1CA29001BDA8E /* Frameworks */ = {
			isa = PBXGroup;
			children = (
				32DFCADE2BC1CA29001BDA8E /* WidgetKit.framework */,
				32DFCAE02BC1CA29001BDA8E /* SwiftUI.framework */,
			);
			name = Frameworks;
			sourceTree = "<group>";
		};
		32DFCAE22BC1CA29001BDA8E /* FoodWidget */ = {
			isa = PBXGroup;
			children = (
				32DFCAE32BC1CA29001BDA8E /* FoodWidgetBundle.swift */,
				32DFCB0F2BC1F971001BDA8E /* SingleMacroWidget.swift */,
				32DFCAE52BC1CA29001BDA8E /* MacroWidget.swift */,
				32DFCB0A2BC1F108001BDA8E /* WidgetView.swift */,
				32DFCAE72BC1CA2C001BDA8E /* Assets.xcassets */,
				32DFCAE92BC1CA2C001BDA8E /* Info.plist */,
			);
			path = FoodWidget;
			sourceTree = "<group>";
		};
		32F51A3B2B92C1A70080CC09 = {
			isa = PBXGroup;
			children = (
				32DFCB092BC1E3D1001BDA8E /* FoodWidgetExtension.entitlements */,
				32F51A462B92C1A70080CC09 /* FoodApp */,
				32F51A602B92C1AA0080CC09 /* FoodAppTests */,
				32F51A6A2B92C1AA0080CC09 /* FoodAppUITests */,
				32DFCAE22BC1CA29001BDA8E /* FoodWidget */,
				32DFCADD2BC1CA29001BDA8E /* Frameworks */,
				32F51A452B92C1A70080CC09 /* Products */,
			);
			sourceTree = "<group>";
		};
		32F51A452B92C1A70080CC09 /* Products */ = {
			isa = PBXGroup;
			children = (
				32F51A442B92C1A70080CC09 /* BananaBite.app */,
				32F51A5D2B92C1AA0080CC09 /* FoodAppTests.xctest */,
				32F51A672B92C1AA0080CC09 /* FoodAppUITests.xctest */,
				32DFCADC2BC1CA29001BDA8E /* FoodWidgetExtension.appex */,
			);
			name = Products;
			sourceTree = "<group>";
		};
		32F51A462B92C1A70080CC09 /* FoodApp */ = {
			isa = PBXGroup;
			children = (
				32DFCB082BC1E2F6001BDA8E /* FoodApp.entitlements */,
				328FA94F2B93C957002A6FB6 /* Views */,
				328FA9432B939B4A002A6FB6 /* Models */,
				328FA9422B939B36002A6FB6 /* ViewControllers */,
				32F51A472B92C1A70080CC09 /* AppDelegate.swift */,
				32F51A492B92C1A70080CC09 /* SceneDelegate.swift */,
				32F51A532B92C1AA0080CC09 /* Assets.xcassets */,
				32F51A552B92C1AA0080CC09 /* LaunchScreen.storyboard */,
				32F51A582B92C1AA0080CC09 /* Info.plist */,
				32F51A502B92C1A70080CC09 /* FoodApp.xcdatamodeld */,
				328FA9492B93B704002A6FB6 /* APIRequest.swift */,
				328FA94B2B93B7AA002A6FB6 /* APIService.swift */,
				328FA94D2B93B9D9002A6FB6 /* FoodService.swift */,
				328FA9682B9BE560002A6FB6 /* Settings.swift */,
				324AB9362BA6B27900CECA72 /* CoreDataStack.swift */,
			);
			path = FoodApp;
			sourceTree = "<group>";
		};
		32F51A602B92C1AA0080CC09 /* FoodAppTests */ = {
			isa = PBXGroup;
			children = (
				32F51A612B92C1AA0080CC09 /* FoodAppTests.swift */,
			);
			path = FoodAppTests;
			sourceTree = "<group>";
		};
		32F51A6A2B92C1AA0080CC09 /* FoodAppUITests */ = {
			isa = PBXGroup;
			children = (
				32F51A6B2B92C1AA0080CC09 /* FoodAppUITests.swift */,
				32F51A6D2B92C1AA0080CC09 /* FoodAppUITestsLaunchTests.swift */,
			);
			path = FoodAppUITests;
			sourceTree = "<group>";
		};
/* End PBXGroup section */

/* Begin PBXNativeTarget section */
		32DFCADB2BC1CA29001BDA8E /* FoodWidgetExtension */ = {
			isa = PBXNativeTarget;
			buildConfigurationList = 32DFCAED2BC1CA2C001BDA8E /* Build configuration list for PBXNativeTarget "FoodWidgetExtension" */;
			buildPhases = (
				32DFCAD82BC1CA29001BDA8E /* Sources */,
				32DFCAD92BC1CA29001BDA8E /* Frameworks */,
				32DFCADA2BC1CA29001BDA8E /* Resources */,
			);
			buildRules = (
			);
			dependencies = (
			);
			name = FoodWidgetExtension;
			productName = FoodWidgetExtension;
			productReference = 32DFCADC2BC1CA29001BDA8E /* FoodWidgetExtension.appex */;
			productType = "com.apple.product-type.app-extension";
		};
		32F51A432B92C1A70080CC09 /* FoodApp */ = {
			isa = PBXNativeTarget;
			buildConfigurationList = 32F51A712B92C1AA0080CC09 /* Build configuration list for PBXNativeTarget "FoodApp" */;
			buildPhases = (
				32F51A402B92C1A70080CC09 /* Sources */,
				32F51A412B92C1A70080CC09 /* Frameworks */,
				32F51A422B92C1A70080CC09 /* Resources */,
				32DFCAF02BC1CA2C001BDA8E /* Embed Foundation Extensions */,
			);
			buildRules = (
			);
			dependencies = (
				32DFCAEB2BC1CA2C001BDA8E /* PBXTargetDependency */,
			);
			name = FoodApp;
			productName = FoodApp;
			productReference = 32F51A442B92C1A70080CC09 /* BananaBite.app */;
			productType = "com.apple.product-type.application";
		};
		32F51A5C2B92C1AA0080CC09 /* FoodAppTests */ = {
			isa = PBXNativeTarget;
			buildConfigurationList = 32F51A742B92C1AA0080CC09 /* Build configuration list for PBXNativeTarget "FoodAppTests" */;
			buildPhases = (
				32F51A592B92C1AA0080CC09 /* Sources */,
				32F51A5A2B92C1AA0080CC09 /* Frameworks */,
				32F51A5B2B92C1AA0080CC09 /* Resources */,
			);
			buildRules = (
			);
			dependencies = (
				32F51A5F2B92C1AA0080CC09 /* PBXTargetDependency */,
			);
			name = FoodAppTests;
			productName = FoodAppTests;
			productReference = 32F51A5D2B92C1AA0080CC09 /* FoodAppTests.xctest */;
			productType = "com.apple.product-type.bundle.unit-test";
		};
		32F51A662B92C1AA0080CC09 /* FoodAppUITests */ = {
			isa = PBXNativeTarget;
			buildConfigurationList = 32F51A772B92C1AA0080CC09 /* Build configuration list for PBXNativeTarget "FoodAppUITests" */;
			buildPhases = (
				32F51A632B92C1AA0080CC09 /* Sources */,
				32F51A642B92C1AA0080CC09 /* Frameworks */,
				32F51A652B92C1AA0080CC09 /* Resources */,
			);
			buildRules = (
			);
			dependencies = (
				32F51A692B92C1AA0080CC09 /* PBXTargetDependency */,
			);
			name = FoodAppUITests;
			productName = FoodAppUITests;
			productReference = 32F51A672B92C1AA0080CC09 /* FoodAppUITests.xctest */;
			productType = "com.apple.product-type.bundle.ui-testing";
		};
/* End PBXNativeTarget section */

/* Begin PBXProject section */
		32F51A3C2B92C1A70080CC09 /* Project object */ = {
			isa = PBXProject;
			attributes = {
				BuildIndependentTargetsInParallel = 1;
				LastSwiftUpdateCheck = 1500;
				LastUpgradeCheck = 1500;
				TargetAttributes = {
					32DFCADB2BC1CA29001BDA8E = {
						CreatedOnToolsVersion = 15.0.1;
					};
					32F51A432B92C1A70080CC09 = {
						CreatedOnToolsVersion = 15.0.1;
					};
					32F51A5C2B92C1AA0080CC09 = {
						CreatedOnToolsVersion = 15.0.1;
						TestTargetID = 32F51A432B92C1A70080CC09;
					};
					32F51A662B92C1AA0080CC09 = {
						CreatedOnToolsVersion = 15.0.1;
						TestTargetID = 32F51A432B92C1A70080CC09;
					};
				};
			};
			buildConfigurationList = 32F51A3F2B92C1A70080CC09 /* Build configuration list for PBXProject "FoodApp" */;
			compatibilityVersion = "Xcode 14.0";
			developmentRegion = en;
			hasScannedForEncodings = 0;
			knownRegions = (
				en,
				Base,
			);
			mainGroup = 32F51A3B2B92C1A70080CC09;
			productRefGroup = 32F51A452B92C1A70080CC09 /* Products */;
			projectDirPath = "";
			projectRoot = "";
			targets = (
				32F51A432B92C1A70080CC09 /* FoodApp */,
				32F51A5C2B92C1AA0080CC09 /* FoodAppTests */,
				32F51A662B92C1AA0080CC09 /* FoodAppUITests */,
				32DFCADB2BC1CA29001BDA8E /* FoodWidgetExtension */,
			);
		};
/* End PBXProject section */

/* Begin PBXResourcesBuildPhase section */
		32DFCADA2BC1CA29001BDA8E /* Resources */ = {
			isa = PBXResourcesBuildPhase;
			buildActionMask = 2147483647;
			files = (
				32DFCAE82BC1CA2C001BDA8E /* Assets.xcassets in Resources */,
			);
			runOnlyForDeploymentPostprocessing = 0;
		};
		32F51A422B92C1A70080CC09 /* Resources */ = {
			isa = PBXResourcesBuildPhase;
			buildActionMask = 2147483647;
			files = (
				32F51A572B92C1AA0080CC09 /* LaunchScreen.storyboard in Resources */,
				32F51A542B92C1AA0080CC09 /* Assets.xcassets in Resources */,
			);
			runOnlyForDeploymentPostprocessing = 0;
		};
		32F51A5B2B92C1AA0080CC09 /* Resources */ = {
			isa = PBXResourcesBuildPhase;
			buildActionMask = 2147483647;
			files = (
			);
			runOnlyForDeploymentPostprocessing = 0;
		};
		32F51A652B92C1AA0080CC09 /* Resources */ = {
			isa = PBXResourcesBuildPhase;
			buildActionMask = 2147483647;
			files = (
			);
			runOnlyForDeploymentPostprocessing = 0;
		};
/* End PBXResourcesBuildPhase section */

/* Begin PBXSourcesBuildPhase section */
		32DFCAD82BC1CA29001BDA8E /* Sources */ = {
			isa = PBXSourcesBuildPhase;
			buildActionMask = 2147483647;
			files = (
				32DFCAF42BC1D42E001BDA8E /* CoreDataStack.swift in Sources */,
				32DFCB042BC1D459001BDA8E /* AbridgedSearchResponse.swift in Sources */,
				32DFCB002BC1D459001BDA8E /* FoodNutrient.swift in Sources */,
				32DFCAE42BC1CA29001BDA8E /* FoodWidgetBundle.swift in Sources */,
				32DFCB112BC1FEEA001BDA8E /* SingleMacroWidget.swift in Sources */,
				32DFCB0C2BC1F1B6001BDA8E /* WidgetView.swift in Sources */,
				32DFCB032BC1D459001BDA8E /* FoodPortion.swift in Sources */,
				320E6C372DC4336700ABD356 /* Nutrient+CoreDataProperties.swift in Sources */,
				320E6C382DC4336700ABD356 /* Meal+CoreDataClass.swift in Sources */,
				320E6C392DC4336700ABD356 /* Portion+CoreDataProperties.swift in Sources */,
				320E6C3A2DC4336700ABD356 /* MealPlan+CoreDataClass.swift in Sources */,
				320E6C3B2DC4336700ABD356 /* NutritientGoal+CoreDataClass.swift in Sources */,
				320E6C3C2DC4336700ABD356 /* Nutrient+CoreDataClass.swift in Sources */,
				320E6C3D2DC4336700ABD356 /* Portion+CoreDataClass.swift in Sources */,
				320E6C3E2DC4336700ABD356 /* Food+CoreDataClass.swift in Sources */,
				320E6C3F2DC4336700ABD356 /* MealPlan+CoreDataProperties.swift in Sources */,
				320E6C402DC4336700ABD356 /* Meal+CoreDataProperties.swift in Sources */,
				320E6C412DC4336700ABD356 /* Food+CoreDataProperties.swift in Sources */,
				320E6C422DC4336700ABD356 /* NutritientGoal+CoreDataProperties.swift in Sources */,
				320E6C432DC4336700ABD356 /* FoodInfo+CoreDataProperties.swift in Sources */,
				320E6C442DC4336700ABD356 /* FoodInfo+CoreDataClass.swift in Sources */,
				32DFCB012BC1D459001BDA8E /* SearchResponse.swift in Sources */,
				32DFCAE62BC1CA29001BDA8E /* MacroWidget.swift in Sources */,
				32DFCB022BC1D459001BDA8E /* FDCFood.swift in Sources */,
				32DFCB052BC1D47A001BDA8E /* MacrosView.swift in Sources */,
				32DFCAFF2BC1D459001BDA8E /* DailyValue.swift in Sources */,
				32DFCB062BC1D491001BDA8E /* CircularProgressView.swift in Sources */,
				32DFCB072BC1D894001BDA8E /* FoodApp.xcdatamodeld in Sources */,
			);
			runOnlyForDeploymentPostprocessing = 0;
		};
		32F51A402B92C1A70080CC09 /* Sources */ = {
			isa = PBXSourcesBuildPhase;
			buildActionMask = 2147483647;
			files = (
				32A8CBE52B9E888800AAA264 /* CircularProgressView.swift in Sources */,
				32783F292BB2370800A698E4 /* NutrientView.swift in Sources */,
				328FA96B2B9BEEFD002A6FB6 /* QuantityTableViewCell.swift in Sources */,
				3296C9B82BB1219700EC7770 /* GoalTableViewCell.swift in Sources */,
				328FA9532B954664002A6FB6 /* FoodDetailTableViewController.swift in Sources */,
				32B0933D2B9C02F50047E6E2 /* QuantityViewController.swift in Sources */,
				32C9F3372BAC91D100703540 /* ReorderMealTableViewController.swift in Sources */,
				3296C9B62BB0F21A00EC7770 /* EditGoalTableViewController.swift in Sources */,
				32DFCB102BC1F971001BDA8E /* SingleMacroWidget.swift in Sources */,
				3216CF792BB4D6C900D9E17A /* AddFoodTableViewCell.swift in Sources */,
				32EB4FB02BACEBD9004898C8 /* SearchTitleView.swift in Sources */,
				32CF12CA2BB9E97400BE6B82 /* GoalTableViewController.swift in Sources */,
				328FA95B2B97C925002A6FB6 /* ServingSizeTableViewController.swift in Sources */,
				32F51A522B92C1A70080CC09 /* FoodApp.xcdatamodeld in Sources */,
				32F51A482B92C1A70080CC09 /* AppDelegate.swift in Sources */,
				32F51A7D2B92D5280080CC09 /* ResultTableViewController.swift in Sources */,
				32783F272BB2320400A698E4 /* MealHeaderView.swift in Sources */,
				32B257622BBDDDD5003C7C7C /* QuickAddTableViewCell.swift in Sources */,
				328FA9592B97BDB9002A6FB6 /* SelectTableViewCell.swift in Sources */,
				328FA9512B93C986002A6FB6 /* ResultTableViewCell.swift in Sources */,
				328FA9692B9BE560002A6FB6 /* Settings.swift in Sources */,
				32B257602BBDD739003C7C7C /* QuickAddTableViewController.swift in Sources */,
				32F51A4A2B92C1A70080CC09 /* SceneDelegate.swift in Sources */,
				328FA9462B939C6A002A6FB6 /* SearchResponse.swift in Sources */,
				320E6C292DC4336700ABD356 /* MealPlan+CoreDataClass.swift in Sources */,
				320E6C2A2DC4336700ABD356 /* Portion+CoreDataClass.swift in Sources */,
				320E6C2B2DC4336700ABD356 /* Nutrient+CoreDataClass.swift in Sources */,
				320E6C2C2DC4336700ABD356 /* Food+CoreDataClass.swift in Sources */,
				320E6C2D2DC4336700ABD356 /* NutritientGoal+CoreDataClass.swift in Sources */,
				320E6C2E2DC4336700ABD356 /* Food+CoreDataProperties.swift in Sources */,
				320E6C2F2DC4336700ABD356 /* FoodInfo+CoreDataClass.swift in Sources */,
				320E6C302DC4336700ABD356 /* FoodInfo+CoreDataProperties.swift in Sources */,
				320E6C312DC4336700ABD356 /* Meal+CoreDataClass.swift in Sources */,
				320E6C322DC4336700ABD356 /* Nutrient+CoreDataProperties.swift in Sources */,
				320E6C332DC4336700ABD356 /* NutritientGoal+CoreDataProperties.swift in Sources */,
				320E6C342DC4336700ABD356 /* Meal+CoreDataProperties.swift in Sources */,
				320E6C352DC4336700ABD356 /* MealPlan+CoreDataProperties.swift in Sources */,
				320E6C362DC4336700ABD356 /* Portion+CoreDataProperties.swift in Sources */,
				32723CF82BA63CDB0074732C /* MealPlanDateView.swift in Sources */,
				328FA9632B9948A8002A6FB6 /* FoodNutrient.swift in Sources */,
				328FA94A2B93B704002A6FB6 /* APIRequest.swift in Sources */,
				328FA9552B954714002A6FB6 /* FDCFood.swift in Sources */,
				328FA9612B994271002A6FB6 /* FoodPortion.swift in Sources */,
				32DFCAF22BC1CC97001BDA8E /* MacroWidget.swift in Sources */,
				32A8CBE72B9E8C9F00AAA264 /* MacrosView.swift in Sources */,
				32723CF62BA63BE70074732C /* HomeTableViewController.swift in Sources */,
				32B351F82BA758F200FF2752 /* FoodEntryTableViewCell.swift in Sources */,
				328FA94C2B93B7AA002A6FB6 /* APIService.swift in Sources */,
				32C9F33D2BACDBEA00703540 /* HistoryTableViewCell.swift in Sources */,
				324AB9372BA6B27900CECA72 /* CoreDataStack.swift in Sources */,
				32F51A7B2B92C3150080CC09 /* SearchFoodTableViewController.swift in Sources */,
				32CB60B62BABCE78002DA0C2 /* CalendarViewController.swift in Sources */,
				32B351F42BA7512600FF2752 /* AddFoodButton.swift in Sources */,
				328FA9572B969FEF002A6FB6 /* NutritionTableViewCell.swift in Sources */,
				32B351F62BA7556A00FF2752 /* AddMealButton.swift in Sources */,
				328FA94E2B93B9D9002A6FB6 /* FoodService.swift in Sources */,
				32DFCB0B2BC1F108001BDA8E /* WidgetView.swift in Sources */,
				32216DBE2BA0FF4E0046A178 /* ProgressView.swift in Sources */,
				328FA9652B9A2154002A6FB6 /* AbridgedSearchResponse.swift in Sources */,
				328FA9672B9ABAE3002A6FB6 /* DailyValue.swift in Sources */,
			);
			runOnlyForDeploymentPostprocessing = 0;
		};
		32F51A592B92C1AA0080CC09 /* Sources */ = {
			isa = PBXSourcesBuildPhase;
			buildActionMask = 2147483647;
			files = (
				32F51A622B92C1AA0080CC09 /* FoodAppTests.swift in Sources */,
			);
			runOnlyForDeploymentPostprocessing = 0;
		};
		32F51A632B92C1AA0080CC09 /* Sources */ = {
			isa = PBXSourcesBuildPhase;
			buildActionMask = 2147483647;
			files = (
				32F51A6E2B92C1AA0080CC09 /* FoodAppUITestsLaunchTests.swift in Sources */,
				32F51A6C2B92C1AA0080CC09 /* FoodAppUITests.swift in Sources */,
			);
			runOnlyForDeploymentPostprocessing = 0;
		};
/* End PBXSourcesBuildPhase section */

/* Begin PBXTargetDependency section */
		32DFCAEB2BC1CA2C001BDA8E /* PBXTargetDependency */ = {
			isa = PBXTargetDependency;
			target = 32DFCADB2BC1CA29001BDA8E /* FoodWidgetExtension */;
			targetProxy = 32DFCAEA2BC1CA2C001BDA8E /* PBXContainerItemProxy */;
		};
		32F51A5F2B92C1AA0080CC09 /* PBXTargetDependency */ = {
			isa = PBXTargetDependency;
			target = 32F51A432B92C1A70080CC09 /* FoodApp */;
			targetProxy = 32F51A5E2B92C1AA0080CC09 /* PBXContainerItemProxy */;
		};
		32F51A692B92C1AA0080CC09 /* PBXTargetDependency */ = {
			isa = PBXTargetDependency;
			target = 32F51A432B92C1A70080CC09 /* FoodApp */;
			targetProxy = 32F51A682B92C1AA0080CC09 /* PBXContainerItemProxy */;
		};
/* End PBXTargetDependency section */

/* Begin PBXVariantGroup section */
		32F51A552B92C1AA0080CC09 /* LaunchScreen.storyboard */ = {
			isa = PBXVariantGroup;
			children = (
				32F51A562B92C1AA0080CC09 /* Base */,
			);
			name = LaunchScreen.storyboard;
			sourceTree = "<group>";
		};
/* End PBXVariantGroup section */

/* Begin XCBuildConfiguration section */
		32DFCAEE2BC1CA2C001BDA8E /* Debug */ = {
			isa = XCBuildConfiguration;
			buildSettings = {
				ASSETCATALOG_COMPILER_GLOBAL_ACCENT_COLOR_NAME = AccentColor;
				ASSETCATALOG_COMPILER_WIDGET_BACKGROUND_COLOR_NAME = WidgetBackground;
				CODE_SIGN_ENTITLEMENTS = FoodWidgetExtension.entitlements;
				CODE_SIGN_STYLE = Automatic;
				CURRENT_PROJECT_VERSION = 1;
				DEVELOPMENT_TEAM = 8KHAQ7W8KV;
				GENERATE_INFOPLIST_FILE = YES;
				INFOPLIST_FILE = FoodWidget/Info.plist;
				INFOPLIST_KEY_CFBundleDisplayName = FoodWidget;
				INFOPLIST_KEY_NSHumanReadableCopyright = "";
				LD_RUNPATH_SEARCH_PATHS = (
					"$(inherited)",
					"@executable_path/Frameworks",
					"@executable_path/../../Frameworks",
				);
				MARKETING_VERSION = 1.0;
				PRODUCT_BUNDLE_IDENTIFIER = com.example.DuduMelon.FoodWidget;
				PRODUCT_NAME = "$(TARGET_NAME)";
				SKIP_INSTALL = YES;
				SWIFT_EMIT_LOC_STRINGS = YES;
				SWIFT_VERSION = 5.0;
				TARGETED_DEVICE_FAMILY = "1,2";
			};
			name = Debug;
		};
		32DFCAEF2BC1CA2C001BDA8E /* Release */ = {
			isa = XCBuildConfiguration;
			buildSettings = {
				ASSETCATALOG_COMPILER_GLOBAL_ACCENT_COLOR_NAME = AccentColor;
				ASSETCATALOG_COMPILER_WIDGET_BACKGROUND_COLOR_NAME = WidgetBackground;
				CODE_SIGN_ENTITLEMENTS = FoodWidgetExtension.entitlements;
				CODE_SIGN_STYLE = Automatic;
				CURRENT_PROJECT_VERSION = 1;
				DEVELOPMENT_TEAM = 8KHAQ7W8KV;
				GENERATE_INFOPLIST_FILE = YES;
				INFOPLIST_FILE = FoodWidget/Info.plist;
				INFOPLIST_KEY_CFBundleDisplayName = FoodWidget;
				INFOPLIST_KEY_NSHumanReadableCopyright = "";
				LD_RUNPATH_SEARCH_PATHS = (
					"$(inherited)",
					"@executable_path/Frameworks",
					"@executable_path/../../Frameworks",
				);
				MARKETING_VERSION = 1.0;
				PRODUCT_BUNDLE_IDENTIFIER = com.example.DuduMelon.FoodWidget;
				PRODUCT_NAME = "$(TARGET_NAME)";
				SKIP_INSTALL = YES;
				SWIFT_EMIT_LOC_STRINGS = YES;
				SWIFT_VERSION = 5.0;
				TARGETED_DEVICE_FAMILY = "1,2";
			};
			name = Release;
		};
		32F51A6F2B92C1AA0080CC09 /* Debug */ = {
			isa = XCBuildConfiguration;
			buildSettings = {
				ALWAYS_SEARCH_USER_PATHS = NO;
				ASSETCATALOG_COMPILER_GENERATE_SWIFT_ASSET_SYMBOL_EXTENSIONS = YES;
				CLANG_ANALYZER_NONNULL = YES;
				CLANG_ANALYZER_NUMBER_OBJECT_CONVERSION = YES_AGGRESSIVE;
				CLANG_CXX_LANGUAGE_STANDARD = "gnu++20";
				CLANG_ENABLE_MODULES = YES;
				CLANG_ENABLE_OBJC_ARC = YES;
				CLANG_ENABLE_OBJC_WEAK = YES;
				CLANG_WARN_BLOCK_CAPTURE_AUTORELEASING = YES;
				CLANG_WARN_BOOL_CONVERSION = YES;
				CLANG_WARN_COMMA = YES;
				CLANG_WARN_CONSTANT_CONVERSION = YES;
				CLANG_WARN_DEPRECATED_OBJC_IMPLEMENTATIONS = YES;
				CLANG_WARN_DIRECT_OBJC_ISA_USAGE = YES_ERROR;
				CLANG_WARN_DOCUMENTATION_COMMENTS = YES;
				CLANG_WARN_EMPTY_BODY = YES;
				CLANG_WARN_ENUM_CONVERSION = YES;
				CLANG_WARN_INFINITE_RECURSION = YES;
				CLANG_WARN_INT_CONVERSION = YES;
				CLANG_WARN_NON_LITERAL_NULL_CONVERSION = YES;
				CLANG_WARN_OBJC_IMPLICIT_RETAIN_SELF = YES;
				CLANG_WARN_OBJC_LITERAL_CONVERSION = YES;
				CLANG_WARN_OBJC_ROOT_CLASS = YES_ERROR;
				CLANG_WARN_QUOTED_INCLUDE_IN_FRAMEWORK_HEADER = YES;
				CLANG_WARN_RANGE_LOOP_ANALYSIS = YES;
				CLANG_WARN_STRICT_PROTOTYPES = YES;
				CLANG_WARN_SUSPICIOUS_MOVE = YES;
				CLANG_WARN_UNGUARDED_AVAILABILITY = YES_AGGRESSIVE;
				CLANG_WARN_UNREACHABLE_CODE = YES;
				CLANG_WARN__DUPLICATE_METHOD_MATCH = YES;
				COPY_PHASE_STRIP = NO;
				DEBUG_INFORMATION_FORMAT = dwarf;
				ENABLE_STRICT_OBJC_MSGSEND = YES;
				ENABLE_TESTABILITY = YES;
				ENABLE_USER_SCRIPT_SANDBOXING = YES;
				GCC_C_LANGUAGE_STANDARD = gnu17;
				GCC_DYNAMIC_NO_PIC = NO;
				GCC_NO_COMMON_BLOCKS = YES;
				GCC_OPTIMIZATION_LEVEL = 0;
				GCC_PREPROCESSOR_DEFINITIONS = (
					"DEBUG=1",
					"$(inherited)",
				);
				GCC_WARN_64_TO_32_BIT_CONVERSION = YES;
				GCC_WARN_ABOUT_RETURN_TYPE = YES_ERROR;
				GCC_WARN_UNDECLARED_SELECTOR = YES;
				GCC_WARN_UNINITIALIZED_AUTOS = YES_AGGRESSIVE;
				GCC_WARN_UNUSED_FUNCTION = YES;
				GCC_WARN_UNUSED_VARIABLE = YES;
				IPHONEOS_DEPLOYMENT_TARGET = 17.0;
				LOCALIZATION_PREFERS_STRING_CATALOGS = YES;
				MTL_ENABLE_DEBUG_INFO = INCLUDE_SOURCE;
				MTL_FAST_MATH = YES;
				ONLY_ACTIVE_ARCH = YES;
				SDKROOT = iphoneos;
				SWIFT_ACTIVE_COMPILATION_CONDITIONS = "DEBUG $(inherited)";
				SWIFT_OPTIMIZATION_LEVEL = "-Onone";
			};
			name = Debug;
		};
		32F51A702B92C1AA0080CC09 /* Release */ = {
			isa = XCBuildConfiguration;
			buildSettings = {
				ALWAYS_SEARCH_USER_PATHS = NO;
				ASSETCATALOG_COMPILER_GENERATE_SWIFT_ASSET_SYMBOL_EXTENSIONS = YES;
				CLANG_ANALYZER_NONNULL = YES;
				CLANG_ANALYZER_NUMBER_OBJECT_CONVERSION = YES_AGGRESSIVE;
				CLANG_CXX_LANGUAGE_STANDARD = "gnu++20";
				CLANG_ENABLE_MODULES = YES;
				CLANG_ENABLE_OBJC_ARC = YES;
				CLANG_ENABLE_OBJC_WEAK = YES;
				CLANG_WARN_BLOCK_CAPTURE_AUTORELEASING = YES;
				CLANG_WARN_BOOL_CONVERSION = YES;
				CLANG_WARN_COMMA = YES;
				CLANG_WARN_CONSTANT_CONVERSION = YES;
				CLANG_WARN_DEPRECATED_OBJC_IMPLEMENTATIONS = YES;
				CLANG_WARN_DIRECT_OBJC_ISA_USAGE = YES_ERROR;
				CLANG_WARN_DOCUMENTATION_COMMENTS = YES;
				CLANG_WARN_EMPTY_BODY = YES;
				CLANG_WARN_ENUM_CONVERSION = YES;
				CLANG_WARN_INFINITE_RECURSION = YES;
				CLANG_WARN_INT_CONVERSION = YES;
				CLANG_WARN_NON_LITERAL_NULL_CONVERSION = YES;
				CLANG_WARN_OBJC_IMPLICIT_RETAIN_SELF = YES;
				CLANG_WARN_OBJC_LITERAL_CONVERSION = YES;
				CLANG_WARN_OBJC_ROOT_CLASS = YES_ERROR;
				CLANG_WARN_QUOTED_INCLUDE_IN_FRAMEWORK_HEADER = YES;
				CLANG_WARN_RANGE_LOOP_ANALYSIS = YES;
				CLANG_WARN_STRICT_PROTOTYPES = YES;
				CLANG_WARN_SUSPICIOUS_MOVE = YES;
				CLANG_WARN_UNGUARDED_AVAILABILITY = YES_AGGRESSIVE;
				CLANG_WARN_UNREACHABLE_CODE = YES;
				CLANG_WARN__DUPLICATE_METHOD_MATCH = YES;
				COPY_PHASE_STRIP = NO;
				DEBUG_INFORMATION_FORMAT = "dwarf-with-dsym";
				ENABLE_NS_ASSERTIONS = NO;
				ENABLE_STRICT_OBJC_MSGSEND = YES;
				ENABLE_USER_SCRIPT_SANDBOXING = YES;
				GCC_C_LANGUAGE_STANDARD = gnu17;
				GCC_NO_COMMON_BLOCKS = YES;
				GCC_WARN_64_TO_32_BIT_CONVERSION = YES;
				GCC_WARN_ABOUT_RETURN_TYPE = YES_ERROR;
				GCC_WARN_UNDECLARED_SELECTOR = YES;
				GCC_WARN_UNINITIALIZED_AUTOS = YES_AGGRESSIVE;
				GCC_WARN_UNUSED_FUNCTION = YES;
				GCC_WARN_UNUSED_VARIABLE = YES;
				IPHONEOS_DEPLOYMENT_TARGET = 17.0;
				LOCALIZATION_PREFERS_STRING_CATALOGS = YES;
				MTL_ENABLE_DEBUG_INFO = NO;
				MTL_FAST_MATH = YES;
				SDKROOT = iphoneos;
				SWIFT_COMPILATION_MODE = wholemodule;
				VALIDATE_PRODUCT = YES;
			};
			name = Release;
		};
		32F51A722B92C1AA0080CC09 /* Debug */ = {
			isa = XCBuildConfiguration;
			buildSettings = {
				ALWAYS_EMBED_SWIFT_STANDARD_LIBRARIES = YES;
				ASSETCATALOG_COMPILER_APPICON_NAME = AppIcon;
				ASSETCATALOG_COMPILER_GLOBAL_ACCENT_COLOR_NAME = AccentColor;
				CODE_SIGN_ENTITLEMENTS = FoodApp/FoodApp.entitlements;
				CODE_SIGN_STYLE = Automatic;
				CURRENT_PROJECT_VERSION = 1;
				DEVELOPMENT_TEAM = 8KHAQ7W8KV;
				GENERATE_INFOPLIST_FILE = YES;
				INFOPLIST_FILE = FoodApp/Info.plist;
				INFOPLIST_KEY_CFBundleDisplayName = BananaBite;
				INFOPLIST_KEY_NSCameraUsageDescription = "Your camera is used to scan food barcodes.";
				INFOPLIST_KEY_UIApplicationSupportsIndirectInputEvents = YES;
				INFOPLIST_KEY_UILaunchStoryboardName = LaunchScreen;
				INFOPLIST_KEY_UIMainStoryboardFile = "";
				INFOPLIST_KEY_UISupportedInterfaceOrientations_iPad = "UIInterfaceOrientationPortrait UIInterfaceOrientationPortraitUpsideDown UIInterfaceOrientationLandscapeLeft UIInterfaceOrientationLandscapeRight";
				INFOPLIST_KEY_UISupportedInterfaceOrientations_iPhone = "UIInterfaceOrientationPortrait UIInterfaceOrientationLandscapeLeft UIInterfaceOrientationLandscapeRight";
				IPHONEOS_DEPLOYMENT_TARGET = 17.0;
				LD_RUNPATH_SEARCH_PATHS = (
					"$(inherited)",
					"@executable_path/Frameworks",
				);
				MARKETING_VERSION = 1.0;
				PRODUCT_BUNDLE_IDENTIFIER = com.example.DuduMelon;
				PRODUCT_NAME = BananaBite;
				SUPPORTED_PLATFORMS = "iphoneos iphonesimulator";
				SUPPORTS_MACCATALYST = NO;
				SUPPORTS_MAC_DESIGNED_FOR_IPHONE_IPAD = NO;
				SWIFT_EMIT_LOC_STRINGS = YES;
				SWIFT_VERSION = 5.0;
				TARGETED_DEVICE_FAMILY = 1;
			};
			name = Debug;
		};
		32F51A732B92C1AA0080CC09 /* Release */ = {
			isa = XCBuildConfiguration;
			buildSettings = {
				ALWAYS_EMBED_SWIFT_STANDARD_LIBRARIES = YES;
				ASSETCATALOG_COMPILER_APPICON_NAME = AppIcon;
				ASSETCATALOG_COMPILER_GLOBAL_ACCENT_COLOR_NAME = AccentColor;
				CODE_SIGN_ENTITLEMENTS = FoodApp/FoodApp.entitlements;
				CODE_SIGN_STYLE = Automatic;
				CURRENT_PROJECT_VERSION = 1;
				DEVELOPMENT_TEAM = 8KHAQ7W8KV;
				GENERATE_INFOPLIST_FILE = YES;
				INFOPLIST_FILE = FoodApp/Info.plist;
				INFOPLIST_KEY_CFBundleDisplayName = BananaBite;
				INFOPLIST_KEY_NSCameraUsageDescription = "Your camera is used to scan food barcodes.";
				INFOPLIST_KEY_UIApplicationSupportsIndirectInputEvents = YES;
				INFOPLIST_KEY_UILaunchStoryboardName = LaunchScreen;
				INFOPLIST_KEY_UIMainStoryboardFile = "";
				INFOPLIST_KEY_UISupportedInterfaceOrientations_iPad = "UIInterfaceOrientationPortrait UIInterfaceOrientationPortraitUpsideDown UIInterfaceOrientationLandscapeLeft UIInterfaceOrientationLandscapeRight";
				INFOPLIST_KEY_UISupportedInterfaceOrientations_iPhone = "UIInterfaceOrientationPortrait UIInterfaceOrientationLandscapeLeft UIInterfaceOrientationLandscapeRight";
				IPHONEOS_DEPLOYMENT_TARGET = 17.0;
				LD_RUNPATH_SEARCH_PATHS = (
					"$(inherited)",
					"@executable_path/Frameworks",
				);
				MARKETING_VERSION = 1.0;
				PRODUCT_BUNDLE_IDENTIFIER = com.example.DuduMelon;
				PRODUCT_NAME = BananaBite;
				SUPPORTED_PLATFORMS = "iphoneos iphonesimulator";
				SUPPORTS_MACCATALYST = NO;
				SUPPORTS_MAC_DESIGNED_FOR_IPHONE_IPAD = NO;
				SWIFT_EMIT_LOC_STRINGS = YES;
				SWIFT_VERSION = 5.0;
				TARGETED_DEVICE_FAMILY = 1;
			};
			name = Release;
		};
		32F51A752B92C1AA0080CC09 /* Debug */ = {
			isa = XCBuildConfiguration;
			buildSettings = {
				ALWAYS_EMBED_SWIFT_STANDARD_LIBRARIES = YES;
				BUNDLE_LOADER = "$(TEST_HOST)";
				CODE_SIGN_STYLE = Automatic;
				CURRENT_PROJECT_VERSION = 1;
				DEVELOPMENT_TEAM = 8KHAQ7W8KV;
				GENERATE_INFOPLIST_FILE = YES;
				IPHONEOS_DEPLOYMENT_TARGET = 17.0;
				MARKETING_VERSION = 1.0;
				PRODUCT_BUNDLE_IDENTIFIER = com.example.FoodAppTests;
				PRODUCT_NAME = "$(TARGET_NAME)";
				SWIFT_EMIT_LOC_STRINGS = NO;
				SWIFT_VERSION = 5.0;
				TARGETED_DEVICE_FAMILY = "1,2";
				TEST_HOST = "$(BUILT_PRODUCTS_DIR)/FoodApp.app/$(BUNDLE_EXECUTABLE_FOLDER_PATH)/FoodApp";
			};
			name = Debug;
		};
		32F51A762B92C1AA0080CC09 /* Release */ = {
			isa = XCBuildConfiguration;
			buildSettings = {
				ALWAYS_EMBED_SWIFT_STANDARD_LIBRARIES = YES;
				BUNDLE_LOADER = "$(TEST_HOST)";
				CODE_SIGN_STYLE = Automatic;
				CURRENT_PROJECT_VERSION = 1;
				DEVELOPMENT_TEAM = 8KHAQ7W8KV;
				GENERATE_INFOPLIST_FILE = YES;
				IPHONEOS_DEPLOYMENT_TARGET = 17.0;
				MARKETING_VERSION = 1.0;
				PRODUCT_BUNDLE_IDENTIFIER = com.example.FoodAppTests;
				PRODUCT_NAME = "$(TARGET_NAME)";
				SWIFT_EMIT_LOC_STRINGS = NO;
				SWIFT_VERSION = 5.0;
				TARGETED_DEVICE_FAMILY = "1,2";
				TEST_HOST = "$(BUILT_PRODUCTS_DIR)/FoodApp.app/$(BUNDLE_EXECUTABLE_FOLDER_PATH)/FoodApp";
			};
			name = Release;
		};
		32F51A782B92C1AA0080CC09 /* Debug */ = {
			isa = XCBuildConfiguration;
			buildSettings = {
				ALWAYS_EMBED_SWIFT_STANDARD_LIBRARIES = YES;
				CODE_SIGN_STYLE = Automatic;
				CURRENT_PROJECT_VERSION = 1;
				DEVELOPMENT_TEAM = 8KHAQ7W8KV;
				GENERATE_INFOPLIST_FILE = YES;
				MARKETING_VERSION = 1.0;
				PRODUCT_BUNDLE_IDENTIFIER = com.example.FoodAppUITests;
				PRODUCT_NAME = "$(TARGET_NAME)";
				SWIFT_EMIT_LOC_STRINGS = NO;
				SWIFT_VERSION = 5.0;
				TARGETED_DEVICE_FAMILY = "1,2";
				TEST_TARGET_NAME = FoodApp;
			};
			name = Debug;
		};
		32F51A792B92C1AA0080CC09 /* Release */ = {
			isa = XCBuildConfiguration;
			buildSettings = {
				ALWAYS_EMBED_SWIFT_STANDARD_LIBRARIES = YES;
				CODE_SIGN_STYLE = Automatic;
				CURRENT_PROJECT_VERSION = 1;
				DEVELOPMENT_TEAM = 8KHAQ7W8KV;
				GENERATE_INFOPLIST_FILE = YES;
				MARKETING_VERSION = 1.0;
				PRODUCT_BUNDLE_IDENTIFIER = com.example.FoodAppUITests;
				PRODUCT_NAME = "$(TARGET_NAME)";
				SWIFT_EMIT_LOC_STRINGS = NO;
				SWIFT_VERSION = 5.0;
				TARGETED_DEVICE_FAMILY = "1,2";
				TEST_TARGET_NAME = FoodApp;
			};
			name = Release;
		};
/* End XCBuildConfiguration section */

/* Begin XCConfigurationList section */
		32DFCAED2BC1CA2C001BDA8E /* Build configuration list for PBXNativeTarget "FoodWidgetExtension" */ = {
			isa = XCConfigurationList;
			buildConfigurations = (
				32DFCAEE2BC1CA2C001BDA8E /* Debug */,
				32DFCAEF2BC1CA2C001BDA8E /* Release */,
			);
			defaultConfigurationIsVisible = 0;
			defaultConfigurationName = Release;
		};
		32F51A3F2B92C1A70080CC09 /* Build configuration list for PBXProject "FoodApp" */ = {
			isa = XCConfigurationList;
			buildConfigurations = (
				32F51A6F2B92C1AA0080CC09 /* Debug */,
				32F51A702B92C1AA0080CC09 /* Release */,
			);
			defaultConfigurationIsVisible = 0;
			defaultConfigurationName = Release;
		};
		32F51A712B92C1AA0080CC09 /* Build configuration list for PBXNativeTarget "FoodApp" */ = {
			isa = XCConfigurationList;
			buildConfigurations = (
				32F51A722B92C1AA0080CC09 /* Debug */,
				32F51A732B92C1AA0080CC09 /* Release */,
			);
			defaultConfigurationIsVisible = 0;
			defaultConfigurationName = Release;
		};
		32F51A742B92C1AA0080CC09 /* Build configuration list for PBXNativeTarget "FoodAppTests" */ = {
			isa = XCConfigurationList;
			buildConfigurations = (
				32F51A752B92C1AA0080CC09 /* Debug */,
				32F51A762B92C1AA0080CC09 /* Release */,
			);
			defaultConfigurationIsVisible = 0;
			defaultConfigurationName = Release;
		};
		32F51A772B92C1AA0080CC09 /* Build configuration list for PBXNativeTarget "FoodAppUITests" */ = {
			isa = XCConfigurationList;
			buildConfigurations = (
				32F51A782B92C1AA0080CC09 /* Debug */,
				32F51A792B92C1AA0080CC09 /* Release */,
			);
			defaultConfigurationIsVisible = 0;
			defaultConfigurationName = Release;
		};
/* End XCConfigurationList section */

/* Begin XCVersionGroup section */
		32F51A502B92C1A70080CC09 /* FoodApp.xcdatamodeld */ = {
			isa = XCVersionGroup;
			children = (
				32F51A512B92C1A70080CC09 /* FoodApp.xcdatamodel */,
			);
			currentVersion = 32F51A512B92C1A70080CC09 /* FoodApp.xcdatamodel */;
			path = FoodApp.xcdatamodeld;
			sourceTree = "<group>";
			versionGroupType = wrapper.xcdatamodel;
		};
/* End XCVersionGroup section */
	};
	rootObject = 32F51A3C2B92C1A70080CC09 /* Project object */;
}
